
Microsoft Visual Studio Solution File, Format Version 12.00
# Visual Studio Version 17
VisualStudioVersion = 17.9.34902.65
MinimumVisualStudioVersion = 10.0.40219.1
Project("{FAE04EC0-301F-11D3-BF4B-00C04F79EFBC}") = "EJercicio4", "EJercicio4\EJercicio4.csproj", "{000E9470-7DE0-46F8-AB6F-5B03D7DA684B}"
EndProject
Global
	GlobalSection(SolutionConfigurationPlatforms) = preSolution
		Debug|Any CPU = Debug|Any CPU
		Release|Any CPU = Release|Any CPU
	EndGlobalSection
	GlobalSection(ProjectConfigurationPlatforms) = postSolution
		{000E9470-7DE0-46F8-AB6F-5B03D7DA684B}.Debug|Any CPU.ActiveCfg = Debug|Any CPU
		{000E9470-7DE0-46F8-AB6F-5B03D7DA684B}.Debug|Any CPU.Build.0 = Debug|Any CPU
		{000E9470-7DE0-46F8-AB6F-5B03D7DA684B}.Release|Any CPU.ActiveCfg = Release|Any CPU
		{000E9470-7DE0-46F8-AB6F-5B03D7DA684B}.Release|Any CPU.Build.0 = Release|Any CPU
	EndGlobalSection
	GlobalSection(SolutionProperties) = preSolution
		HideSolutionNode = FALSE
	EndGlobalSection
	GlobalSection(ExtensibilityGlobals) = postSolution
		SolutionGuid = {C14BDA03-28C6-491C-898A-92412009B45F}
	EndGlobalSection
EndGlobal
