
Microsoft Visual Studio Solution File, Format Version 12.00
# Visual Studio Version 17
VisualStudioVersion = 17.9.34902.65
MinimumVisualStudioVersion = 10.0.40219.1
Project("{FAE04EC0-301F-11D3-BF4B-00C04F79EFBC}") = "Ejercicio1", "Ejercicio1\Ejercicio1.csproj", "{CA79DEEC-0470-44BB-99F7-ADC577A3B721}"
EndProject
Global
	GlobalSection(SolutionConfigurationPlatforms) = preSolution
		Debug|Any CPU = Debug|Any CPU
		Release|Any CPU = Release|Any CPU
	EndGlobalSection
	GlobalSection(ProjectConfigurationPlatforms) = postSolution
		{CA79DEEC-0470-44BB-99F7-ADC577A3B721}.Debug|Any CPU.ActiveCfg = Debug|Any CPU
		{CA79DEEC-0470-44BB-99F7-ADC577A3B721}.Debug|Any CPU.Build.0 = Debug|Any CPU
		{CA79DEEC-0470-44BB-99F7-ADC577A3B721}.Release|Any CPU.ActiveCfg = Release|Any CPU
		{CA79DEEC-0470-44BB-99F7-ADC577A3B721}.Release|Any CPU.Build.0 = Release|Any CPU
	EndGlobalSection
	GlobalSection(SolutionProperties) = preSolution
		HideSolutionNode = FALSE
	EndGlobalSection
	GlobalSection(ExtensibilityGlobals) = postSolution
		SolutionGuid = {7DAEB668-D85F-4E6F-AE61-B36CE4BB8B8D}
	EndGlobalSection
EndGlobal
