
Microsoft Visual Studio Solution File, Format Version 12.00
# Visual Studio Version 17
VisualStudioVersion = 17.9.34902.65
MinimumVisualStudioVersion = 10.0.40219.1
Project("{FAE04EC0-301F-11D3-BF4B-00C04F79EFBC}") = "Ejercicio6", "Ejercicio6\Ejercicio6.csproj", "{995D8F53-F400-4501-8749-FE6BEEDE7104}"
EndProject
Global
	GlobalSection(SolutionConfigurationPlatforms) = preSolution
		Debug|Any CPU = Debug|Any CPU
		Release|Any CPU = Release|Any CPU
	EndGlobalSection
	GlobalSection(ProjectConfigurationPlatforms) = postSolution
		{995D8F53-F400-4501-8749-FE6BEEDE7104}.Debug|Any CPU.ActiveCfg = Debug|Any CPU
		{995D8F53-F400-4501-8749-FE6BEEDE7104}.Debug|Any CPU.Build.0 = Debug|Any CPU
		{995D8F53-F400-4501-8749-FE6BEEDE7104}.Release|Any CPU.ActiveCfg = Release|Any CPU
		{995D8F53-F400-4501-8749-FE6BEEDE7104}.Release|Any CPU.Build.0 = Release|Any CPU
	EndGlobalSection
	GlobalSection(SolutionProperties) = preSolution
		HideSolutionNode = FALSE
	EndGlobalSection
	GlobalSection(ExtensibilityGlobals) = postSolution
		SolutionGuid = {5340D8F7-ABF6-420A-810E-253EDC873B7A}
	EndGlobalSection
EndGlobal
